
Microsoft Visual Studio Solution File, Format Version 12.00
# Visual Studio Version 16
VisualStudioVersion = 16.0.32901.82
MinimumVisualStudioVersion = 10.0.40219.1
Project("{FAE04EC0-301F-11D3-BF4B-00C04F79EFBC}") = "EVRAZ_Project", "EVRAZ_Project\EVRAZ_Project.csproj", "{4CEDB3A8-76E4-4F76-973F-A34F4552B240}"
EndProject
Global
	GlobalSection(SolutionConfigurationPlatforms) = preSolution
		Debug|Any CPU = Debug|Any CPU
		Release|Any CPU = Release|Any CPU
	EndGlobalSection
	GlobalSection(ProjectConfigurationPlatforms) = postSolution
		{4CEDB3A8-76E4-4F76-973F-A34F4552B240}.Debug|Any CPU.ActiveCfg = Debug|Any CPU
		{4CEDB3A8-76E4-4F76-973F-A34F4552B240}.Debug|Any CPU.Build.0 = Debug|Any CPU
		{4CEDB3A8-76E4-4F76-973F-A34F4552B240}.Release|Any CPU.ActiveCfg = Release|Any CPU
		{4CEDB3A8-76E4-4F76-973F-A34F4552B240}.Release|Any CPU.Build.0 = Release|Any CPU
	EndGlobalSection
	GlobalSection(SolutionProperties) = preSolution
		HideSolutionNode = FALSE
	EndGlobalSection
	GlobalSection(ExtensibilityGlobals) = postSolution
		SolutionGuid = {DAD099EE-BFE2-4EB1-9539-DB7F78678063}
	EndGlobalSection
EndGlobal
